
Microsoft Visual Studio Solution File, Format Version 12.00
# Visual Studio 15
VisualStudioVersion = 15.0.27703.2047
MinimumVisualStudioVersion = 10.0.40219.1
Project("{FAE04EC0-301F-11D3-BF4B-00C04F79EFBC}") = "RssWeb", "RssWeb\RssWeb.csproj", "{B7029EC2-B34C-4234-81D8-BB87867DDD71}"
EndProject
Global
	GlobalSection(SolutionConfigurationPlatforms) = preSolution
		Debug|Any CPU = Debug|Any CPU
		Release|Any CPU = Release|Any CPU
	EndGlobalSection
	GlobalSection(ProjectConfigurationPlatforms) = postSolution
		{B7029EC2-B34C-4234-81D8-BB87867DDD71}.Debug|Any CPU.ActiveCfg = Debug|Any CPU
		{B7029EC2-B34C-4234-81D8-BB87867DDD71}.Debug|Any CPU.Build.0 = Debug|Any CPU
		{B7029EC2-B34C-4234-81D8-BB87867DDD71}.Release|Any CPU.ActiveCfg = Release|Any CPU
		{B7029EC2-B34C-4234-81D8-BB87867DDD71}.Release|Any CPU.Build.0 = Release|Any CPU
	EndGlobalSection
	GlobalSection(SolutionProperties) = preSolution
		HideSolutionNode = FALSE
	EndGlobalSection
	GlobalSection(ExtensibilityGlobals) = postSolution
		SolutionGuid = {C7014594-4E56-4371-A846-B3292E970402}
	EndGlobalSection
EndGlobal
